# This file was autogenerated by Stack.
# You should not edit this file by hand.
# For more information, please see the documentation at:
#   https://docs.haskellstack.org/en/stable/lock_files

packages:
- completed:
    hackage: distributed-process-0.7.4@sha256:9e43cb9a27e976e3e4c054e783bdfbd6140760e70997448da66993f4674a6409,7577
    pantry-tree:
      size: 3102
      sha256: a558e988e6deba25d0667d8f6fd2705c0f7f36292b1afaa5442bd34a9cdf817c
  original:
    hackage: distributed-process-0.7.4@sha256:9e43cb9a27e976e3e4c054e783bdfbd6140760e70997448da66993f4674a6409
- completed:
    hackage: distributed-process-p2p-0.1.4.0@sha256:b8fb99593878370f8f0238dd8779291f58a2414c3cab4f8ff91eb8c1b69f6b1e,1787
    pantry-tree:
      size: 354
      sha256: 3a81b8608f6fc97108d3987418342d2e3dba3776c2cf461ba14ed8a7960ecde4
  original:
    hackage: distributed-process-p2p-0.1.4.0@sha256:b8fb99593878370f8f0238dd8779291f58a2414c3cab4f8ff91eb8c1b69f6b1e
- completed:
    hackage: network-transport-tcp-0.6.0@sha256:077b733c97db7949d18d09877e847fae117cc6e4e5c35941442f52debbd32452,3298
    pantry-tree:
      size: 651
      sha256: 25102c14bedca96694a2d410783fdde107e9059452e07b882b67ac309b313bc0
  original:
    hackage: network-transport-tcp-0.6.0@sha256:077b733c97db7949d18d09877e847fae117cc6e4e5c35941442f52debbd32452
- completed:
    hackage: network-transport-0.5.2@sha256:902e333a7b402778cdc0c811114dc432ef6e5dd0b2242558bb085b76b0a39d1a,3947
    pantry-tree:
      size: 419
      sha256: 4f2a3b4076fa9d0cfc805dbd58ff0fbaf54bb8000d6ed4b3843f4debaff59c51
  original:
    hackage: network-transport-0.5.2@sha256:902e333a7b402778cdc0c811114dc432ef6e5dd0b2242558bb085b76b0a39d1a
- completed:
    hackage: GenericPretty-1.2.2@sha256:65fd4aeedc326c356a866169e3511ef14fd6b3284ff9c29273f8a3b90dc9e5eb,3698
    pantry-tree:
      size: 719
      sha256: 1e9f020c022023084c2a0e1650d21ea7cd87fe9a97a9f21c691b664d65142250
  original:
    hackage: GenericPretty-1.2.2@sha256:65fd4aeedc326c356a866169e3511ef14fd6b3284ff9c29273f8a3b90dc9e5eb
snapshots:
- completed:
    size: 537868
    url: https://raw.githubusercontent.com/commercialhaskell/stackage-snapshots/master/lts/9/21.yaml
    sha256: 0a3be91c2bce851de4755003cfb1d85d62b6f90276231fcc305729c0c5c864a9
  original: lts-9.21
